// !$*UTF8*$!
{
	archiveVersion = 1;
	classes = {
	};
	objectVersion = 55;
	objects = {

/* Begin PBXBuildFile section */
		71599C10D2747E1B9DDF793C /* Pods_LiveScoreTests.framework in Frameworks */ = {isa = PBXBuildFile; fileRef = D108A755C4431306D1812CAC /* Pods_LiveScoreTests.framework */; };
		CD95485948949969F79F1FF1 /* Pods_LiveScore_LiveScoreUITests.framework in Frameworks */ = {isa = PBXBuildFile; fileRef = 56D36D91837817769482FFA9 /* Pods_LiveScore_LiveScoreUITests.framework */; };
		CE15B4172834FDB60003CC47 /* AppDelegate.swift in Sources */ = {isa = PBXBuildFile; fileRef = CE15B4162834FDB60003CC47 /* AppDelegate.swift */; };
		CE15B4192834FDB60003CC47 /* SceneDelegate.swift in Sources */ = {isa = PBXBuildFile; fileRef = CE15B4182834FDB60003CC47 /* SceneDelegate.swift */; };
		CE15B41B2834FDB60003CC47 /* LiveViewController.swift in Sources */ = {isa = PBXBuildFile; fileRef = CE15B41A2834FDB60003CC47 /* LiveViewController.swift */; };
		CE15B4202834FDB70003CC47 /* Assets.xcassets in Resources */ = {isa = PBXBuildFile; fileRef = CE15B41F2834FDB70003CC47 /* Assets.xcassets */; };
		CE15B4232834FDB70003CC47 /* LaunchScreen.storyboard in Resources */ = {isa = PBXBuildFile; fileRef = CE15B4212834FDB70003CC47 /* LaunchScreen.storyboard */; };
		CE15B4382834FDB70003CC47 /* LiveScoreUITests.swift in Sources */ = {isa = PBXBuildFile; fileRef = CE15B4372834FDB70003CC47 /* LiveScoreUITests.swift */; };
		CE15B43A2834FDB70003CC47 /* LiveScoreUITestsLaunchTests.swift in Sources */ = {isa = PBXBuildFile; fileRef = CE15B4392834FDB70003CC47 /* LiveScoreUITestsLaunchTests.swift */; };
		CE15B4472834FE6A0003CC47 /* LivePresenter.swift in Sources */ = {isa = PBXBuildFile; fileRef = CE15B4462834FE6A0003CC47 /* LivePresenter.swift */; };
		CE15B44A2834FE7F0003CC47 /* SnapKit in Frameworks */ = {isa = PBXBuildFile; productRef = CE15B4492834FE7F0003CC47 /* SnapKit */; };
		CE15B44D2834FE8A0003CC47 /* Alamofire in Frameworks */ = {isa = PBXBuildFile; productRef = CE15B44C2834FE8A0003CC47 /* Alamofire */; };
		CE1E79882838CFED0041B7A7 /* ScorersListCollectionViewCell.swift in Sources */ = {isa = PBXBuildFile; fileRef = CE1E79872838CFED0041B7A7 /* ScorersListCollectionViewCell.swift */; };
		CE288D2D28387E84002A39A3 /* Kingfisher in Frameworks */ = {isa = PBXBuildFile; productRef = CE288D2C28387E84002A39A3 /* Kingfisher */; };
		CE288D3128389111002A39A3 /* LiveRequestModel.swift in Sources */ = {isa = PBXBuildFile; fileRef = CE288D3028389111002A39A3 /* LiveRequestModel.swift */; };
		CE288D362838B248002A39A3 /* ScoreResponseModel.swift in Sources */ = {isa = PBXBuildFile; fileRef = CE288D352838B248002A39A3 /* ScoreResponseModel.swift */; };
		CE288D3B2838B46F002A39A3 /* ScorersSearchManager.swift in Sources */ = {isa = PBXBuildFile; fileRef = CE288D3A2838B46F002A39A3 /* ScorersSearchManager.swift */; };
		CE288D402838C2A8002A39A3 /* TabBarItem.swift in Sources */ = {isa = PBXBuildFile; fileRef = CE288D3F2838C2A8002A39A3 /* TabBarItem.swift */; };
		CE288D422838C2E9002A39A3 /* ScorersViewController.swift in Sources */ = {isa = PBXBuildFile; fileRef = CE288D412838C2E9002A39A3 /* ScorersViewController.swift */; };
		CE288D452838C432002A39A3 /* TabBarViewController.swift in Sources */ = {isa = PBXBuildFile; fileRef = CE288D442838C432002A39A3 /* TabBarViewController.swift */; };
		CE288D472838C487002A39A3 /* ScorersPresenter.swift in Sources */ = {isa = PBXBuildFile; fileRef = CE288D462838C487002A39A3 /* ScorersPresenter.swift */; };
		CE288D492838C80D002A39A3 /* ScorersListTableViewHeaderView.swift in Sources */ = {isa = PBXBuildFile; fileRef = CE288D482838C80D002A39A3 /* ScorersListTableViewHeaderView.swift */; };
		CE2D8296283CD98E00F7AD24 /* LivePresenterTests.swift in Sources */ = {isa = PBXBuildFile; fileRef = CE2D8295283CD98E00F7AD24 /* LivePresenterTests.swift */; };
		CE2D8299283CDDD100F7AD24 /* MockLiveScoreSearchManager.swift in Sources */ = {isa = PBXBuildFile; fileRef = CE2D8298283CDDD100F7AD24 /* MockLiveScoreSearchManager.swift */; };
		CE2D829B283CDDFD00F7AD24 /* MockLiveViewController.swift in Sources */ = {isa = PBXBuildFile; fileRef = CE2D829A283CDDFD00F7AD24 /* MockLiveViewController.swift */; };
		CE2D829E283CDE5600F7AD24 /* ScorersPresenterTests.swift in Sources */ = {isa = PBXBuildFile; fileRef = CE2D829D283CDE5600F7AD24 /* ScorersPresenterTests.swift */; };
		CE2D82A0283CE0C400F7AD24 /* MockScorersViewController.swift in Sources */ = {isa = PBXBuildFile; fileRef = CE2D829F283CE0C400F7AD24 /* MockScorersViewController.swift */; };
		CE2D82A2283CE0E900F7AD24 /* MockScorersSearchManager.swift in Sources */ = {isa = PBXBuildFile; fileRef = CE2D82A1283CE0E900F7AD24 /* MockScorersSearchManager.swift */; };
		CE2F921E28377CC2007531ED /* LiveListCollectionViewCell.swift in Sources */ = {isa = PBXBuildFile; fileRef = CE2F921D28377CC2007531ED /* LiveListCollectionViewCell.swift */; };
		CE2F9221283788CD007531ED /* SVGKit in Frameworks */ = {isa = PBXBuildFile; productRef = CE2F9220283788CD007531ED /* SVGKit */; };
		CE2F9223283788CD007531ED /* SVGKitSwift in Frameworks */ = {isa = PBXBuildFile; productRef = CE2F9222283788CD007531ED /* SVGKitSwift */; };
		CED880C428364A6C0065600E /* LiveResponseModel.swift in Sources */ = {isa = PBXBuildFile; fileRef = CED880C328364A6C0065600E /* LiveResponseModel.swift */; };
		CED880C6283653180065600E /* LiveScoreSearchManager.swift in Sources */ = {isa = PBXBuildFile; fileRef = CED880C5283653180065600E /* LiveScoreSearchManager.swift */; };
		DDD3D44CC414CC6C13F590C5 /* Pods_LiveScore.framework in Frameworks */ = {isa = PBXBuildFile; fileRef = F94148FCA5DA357158A50C97 /* Pods_LiveScore.framework */; };
/* End PBXBuildFile section */

/* Begin PBXContainerItemProxy section */
		CE15B42A2834FDB70003CC47 /* PBXContainerItemProxy */ = {
			isa = PBXContainerItemProxy;
			containerPortal = CE15B40B2834FDB60003CC47 /* Project object */;
			proxyType = 1;
			remoteGlobalIDString = CE15B4122834FDB60003CC47;
			remoteInfo = LiveScore;
		};
		CE15B4342834FDB70003CC47 /* PBXContainerItemProxy */ = {
			isa = PBXContainerItemProxy;
			containerPortal = CE15B40B2834FDB60003CC47 /* Project object */;
			proxyType = 1;
			remoteGlobalIDString = CE15B4122834FDB60003CC47;
			remoteInfo = LiveScore;
		};
/* End PBXContainerItemProxy section */

/* Begin PBXFileReference section */
		54E4454D20941A323B2FC643 /* Pods-LiveScoreTests.release.xcconfig */ = {isa = PBXFileReference; includeInIndex = 1; lastKnownFileType = text.xcconfig; name = "Pods-LiveScoreTests.release.xcconfig"; path = "Target Support Files/Pods-LiveScoreTests/Pods-LiveScoreTests.release.xcconfig"; sourceTree = "<group>"; };
		5619D82A4502C81EB397CEDD /* Pods-LiveScore.release.xcconfig */ = {isa = PBXFileReference; includeInIndex = 1; lastKnownFileType = text.xcconfig; name = "Pods-LiveScore.release.xcconfig"; path = "Target Support Files/Pods-LiveScore/Pods-LiveScore.release.xcconfig"; sourceTree = "<group>"; };
		56D36D91837817769482FFA9 /* Pods_LiveScore_LiveScoreUITests.framework */ = {isa = PBXFileReference; explicitFileType = wrapper.framework; includeInIndex = 0; path = Pods_LiveScore_LiveScoreUITests.framework; sourceTree = BUILT_PRODUCTS_DIR; };
		AF2B865C3AFFF6CB0D4B6A37 /* Pods-LiveScore.debug.xcconfig */ = {isa = PBXFileReference; includeInIndex = 1; lastKnownFileType = text.xcconfig; name = "Pods-LiveScore.debug.xcconfig"; path = "Target Support Files/Pods-LiveScore/Pods-LiveScore.debug.xcconfig"; sourceTree = "<group>"; };
		CE15B4132834FDB60003CC47 /* LiveScore.app */ = {isa = PBXFileReference; explicitFileType = wrapper.application; includeInIndex = 0; path = LiveScore.app; sourceTree = BUILT_PRODUCTS_DIR; };
		CE15B4162834FDB60003CC47 /* AppDelegate.swift */ = {isa = PBXFileReference; lastKnownFileType = sourcecode.swift; path = AppDelegate.swift; sourceTree = "<group>"; };
		CE15B4182834FDB60003CC47 /* SceneDelegate.swift */ = {isa = PBXFileReference; lastKnownFileType = sourcecode.swift; path = SceneDelegate.swift; sourceTree = "<group>"; };
		CE15B41A2834FDB60003CC47 /* LiveViewController.swift */ = {isa = PBXFileReference; lastKnownFileType = sourcecode.swift; path = LiveViewController.swift; sourceTree = "<group>"; };
		CE15B41F2834FDB70003CC47 /* Assets.xcassets */ = {isa = PBXFileReference; lastKnownFileType = folder.assetcatalog; path = Assets.xcassets; sourceTree = "<group>"; };
		CE15B4222834FDB70003CC47 /* Base */ = {isa = PBXFileReference; lastKnownFileType = file.storyboard; name = Base; path = Base.lproj/LaunchScreen.storyboard; sourceTree = "<group>"; };
		CE15B4242834FDB70003CC47 /* Info.plist */ = {isa = PBXFileReference; lastKnownFileType = text.plist.xml; path = Info.plist; sourceTree = "<group>"; };
		CE15B4292834FDB70003CC47 /* LiveScoreTests.xctest */ = {isa = PBXFileReference; explicitFileType = wrapper.cfbundle; includeInIndex = 0; path = LiveScoreTests.xctest; sourceTree = BUILT_PRODUCTS_DIR; };
		CE15B4332834FDB70003CC47 /* LiveScoreUITests.xctest */ = {isa = PBXFileReference; explicitFileType = wrapper.cfbundle; includeInIndex = 0; path = LiveScoreUITests.xctest; sourceTree = BUILT_PRODUCTS_DIR; };
		CE15B4372834FDB70003CC47 /* LiveScoreUITests.swift */ = {isa = PBXFileReference; lastKnownFileType = sourcecode.swift; path = LiveScoreUITests.swift; sourceTree = "<group>"; };
		CE15B4392834FDB70003CC47 /* LiveScoreUITestsLaunchTests.swift */ = {isa = PBXFileReference; lastKnownFileType = sourcecode.swift; path = LiveScoreUITestsLaunchTests.swift; sourceTree = "<group>"; };
		CE15B4462834FE6A0003CC47 /* LivePresenter.swift */ = {isa = PBXFileReference; lastKnownFileType = sourcecode.swift; path = LivePresenter.swift; sourceTree = "<group>"; };
		CE1E79872838CFED0041B7A7 /* ScorersListCollectionViewCell.swift */ = {isa = PBXFileReference; lastKnownFileType = sourcecode.swift; path = ScorersListCollectionViewCell.swift; sourceTree = "<group>"; };
		CE288D3028389111002A39A3 /* LiveRequestModel.swift */ = {isa = PBXFileReference; lastKnownFileType = sourcecode.swift; path = LiveRequestModel.swift; sourceTree = "<group>"; };
		CE288D352838B248002A39A3 /* ScoreResponseModel.swift */ = {isa = PBXFileReference; lastKnownFileType = sourcecode.swift; path = ScoreResponseModel.swift; sourceTree = "<group>"; };
		CE288D3A2838B46F002A39A3 /* ScorersSearchManager.swift */ = {isa = PBXFileReference; lastKnownFileType = sourcecode.swift; path = ScorersSearchManager.swift; sourceTree = "<group>"; };
		CE288D3F2838C2A8002A39A3 /* TabBarItem.swift */ = {isa = PBXFileReference; lastKnownFileType = sourcecode.swift; path = TabBarItem.swift; sourceTree = "<group>"; };
		CE288D412838C2E9002A39A3 /* ScorersViewController.swift */ = {isa = PBXFileReference; lastKnownFileType = sourcecode.swift; path = ScorersViewController.swift; sourceTree = "<group>"; };
		CE288D442838C432002A39A3 /* TabBarViewController.swift */ = {isa = PBXFileReference; lastKnownFileType = sourcecode.swift; path = TabBarViewController.swift; sourceTree = "<group>"; };
		CE288D462838C487002A39A3 /* ScorersPresenter.swift */ = {isa = PBXFileReference; lastKnownFileType = sourcecode.swift; path = ScorersPresenter.swift; sourceTree = "<group>"; };
		CE288D482838C80D002A39A3 /* ScorersListTableViewHeaderView.swift */ = {isa = PBXFileReference; lastKnownFileType = sourcecode.swift; path = ScorersListTableViewHeaderView.swift; sourceTree = "<group>"; };
		CE2D8295283CD98E00F7AD24 /* LivePresenterTests.swift */ = {isa = PBXFileReference; lastKnownFileType = sourcecode.swift; path = LivePresenterTests.swift; sourceTree = "<group>"; };
		CE2D8298283CDDD100F7AD24 /* MockLiveScoreSearchManager.swift */ = {isa = PBXFileReference; lastKnownFileType = sourcecode.swift; path = MockLiveScoreSearchManager.swift; sourceTree = "<group>"; };
		CE2D829A283CDDFD00F7AD24 /* MockLiveViewController.swift */ = {isa = PBXFileReference; lastKnownFileType = sourcecode.swift; path = MockLiveViewController.swift; sourceTree = "<group>"; };
		CE2D829D283CDE5600F7AD24 /* ScorersPresenterTests.swift */ = {isa = PBXFileReference; lastKnownFileType = sourcecode.swift; path = ScorersPresenterTests.swift; sourceTree = "<group>"; };
		CE2D829F283CE0C400F7AD24 /* MockScorersViewController.swift */ = {isa = PBXFileReference; lastKnownFileType = sourcecode.swift; path = MockScorersViewController.swift; sourceTree = "<group>"; };
		CE2D82A1283CE0E900F7AD24 /* MockScorersSearchManager.swift */ = {isa = PBXFileReference; lastKnownFileType = sourcecode.swift; path = MockScorersSearchManager.swift; sourceTree = "<group>"; };
		CE2F921D28377CC2007531ED /* LiveListCollectionViewCell.swift */ = {isa = PBXFileReference; lastKnownFileType = sourcecode.swift; path = LiveListCollectionViewCell.swift; sourceTree = "<group>"; };
		CED880C328364A6C0065600E /* LiveResponseModel.swift */ = {isa = PBXFileReference; lastKnownFileType = sourcecode.swift; path = LiveResponseModel.swift; sourceTree = "<group>"; };
		CED880C5283653180065600E /* LiveScoreSearchManager.swift */ = {isa = PBXFileReference; lastKnownFileType = sourcecode.swift; path = LiveScoreSearchManager.swift; sourceTree = "<group>"; };
		CF90AC35FBE0A8864404875F /* Pods-LiveScoreTests.debug.xcconfig */ = {isa = PBXFileReference; includeInIndex = 1; lastKnownFileType = text.xcconfig; name = "Pods-LiveScoreTests.debug.xcconfig"; path = "Target Support Files/Pods-LiveScoreTests/Pods-LiveScoreTests.debug.xcconfig"; sourceTree = "<group>"; };
		D108A755C4431306D1812CAC /* Pods_LiveScoreTests.framework */ = {isa = PBXFileReference; explicitFileType = wrapper.framework; includeInIndex = 0; path = Pods_LiveScoreTests.framework; sourceTree = BUILT_PRODUCTS_DIR; };
		F4E0376D0936090821C6688B /* Pods-LiveScore-LiveScoreUITests.release.xcconfig */ = {isa = PBXFileReference; includeInIndex = 1; lastKnownFileType = text.xcconfig; name = "Pods-LiveScore-LiveScoreUITests.release.xcconfig"; path = "Target Support Files/Pods-LiveScore-LiveScoreUITests/Pods-LiveScore-LiveScoreUITests.release.xcconfig"; sourceTree = "<group>"; };
		F94148FCA5DA357158A50C97 /* Pods_LiveScore.framework */ = {isa = PBXFileReference; explicitFileType = wrapper.framework; includeInIndex = 0; path = Pods_LiveScore.framework; sourceTree = BUILT_PRODUCTS_DIR; };
		FED03E35226A9A58B1FB0D64 /* Pods-LiveScore-LiveScoreUITests.debug.xcconfig */ = {isa = PBXFileReference; includeInIndex = 1; lastKnownFileType = text.xcconfig; name = "Pods-LiveScore-LiveScoreUITests.debug.xcconfig"; path = "Target Support Files/Pods-LiveScore-LiveScoreUITests/Pods-LiveScore-LiveScoreUITests.debug.xcconfig"; sourceTree = "<group>"; };
/* End PBXFileReference section */

/* Begin PBXFrameworksBuildPhase section */
		CE15B4102834FDB60003CC47 /* Frameworks */ = {
			isa = PBXFrameworksBuildPhase;
			buildActionMask = 2147483647;
			files = (
				CE15B44A2834FE7F0003CC47 /* SnapKit in Frameworks */,
				CE2F9223283788CD007531ED /* SVGKitSwift in Frameworks */,
				CE2F9221283788CD007531ED /* SVGKit in Frameworks */,
				CE15B44D2834FE8A0003CC47 /* Alamofire in Frameworks */,
				CE288D2D28387E84002A39A3 /* Kingfisher in Frameworks */,
				DDD3D44CC414CC6C13F590C5 /* Pods_LiveScore.framework in Frameworks */,
			);
			runOnlyForDeploymentPostprocessing = 0;
		};
		CE15B4262834FDB70003CC47 /* Frameworks */ = {
			isa = PBXFrameworksBuildPhase;
			buildActionMask = 2147483647;
			files = (
				71599C10D2747E1B9DDF793C /* Pods_LiveScoreTests.framework in Frameworks */,
			);
			runOnlyForDeploymentPostprocessing = 0;
		};
		CE15B4302834FDB70003CC47 /* Frameworks */ = {
			isa = PBXFrameworksBuildPhase;
			buildActionMask = 2147483647;
			files = (
				CD95485948949969F79F1FF1 /* Pods_LiveScore_LiveScoreUITests.framework in Frameworks */,
			);
			runOnlyForDeploymentPostprocessing = 0;
		};
/* End PBXFrameworksBuildPhase section */

/* Begin PBXGroup section */
		78A1F46D3033CA21CD2DDBC6 /* Pods */ = {
			isa = PBXGroup;
			children = (
				AF2B865C3AFFF6CB0D4B6A37 /* Pods-LiveScore.debug.xcconfig */,
				5619D82A4502C81EB397CEDD /* Pods-LiveScore.release.xcconfig */,
				FED03E35226A9A58B1FB0D64 /* Pods-LiveScore-LiveScoreUITests.debug.xcconfig */,
				F4E0376D0936090821C6688B /* Pods-LiveScore-LiveScoreUITests.release.xcconfig */,
				CF90AC35FBE0A8864404875F /* Pods-LiveScoreTests.debug.xcconfig */,
				54E4454D20941A323B2FC643 /* Pods-LiveScoreTests.release.xcconfig */,
			);
			path = Pods;
			sourceTree = "<group>";
		};
		BA51AF9131FC5F97D3C454F5 /* Frameworks */ = {
			isa = PBXGroup;
			children = (
				F94148FCA5DA357158A50C97 /* Pods_LiveScore.framework */,
				56D36D91837817769482FFA9 /* Pods_LiveScore_LiveScoreUITests.framework */,
				D108A755C4431306D1812CAC /* Pods_LiveScoreTests.framework */,
			);
			name = Frameworks;
			sourceTree = "<group>";
		};
		CE15B40A2834FDB60003CC47 = {
			isa = PBXGroup;
			children = (
				CE15B4152834FDB60003CC47 /* LiveScore */,
				CE15B42C2834FDB70003CC47 /* LiveScoreTests */,
				CE15B4362834FDB70003CC47 /* LiveScoreUITests */,
				CE15B4142834FDB60003CC47 /* Products */,
				78A1F46D3033CA21CD2DDBC6 /* Pods */,
				BA51AF9131FC5F97D3C454F5 /* Frameworks */,
			);
			sourceTree = "<group>";
		};
		CE15B4142834FDB60003CC47 /* Products */ = {
			isa = PBXGroup;
			children = (
				CE15B4132834FDB60003CC47 /* LiveScore.app */,
				CE15B4292834FDB70003CC47 /* LiveScoreTests.xctest */,
				CE15B4332834FDB70003CC47 /* LiveScoreUITests.xctest */,
			);
			name = Products;
			sourceTree = "<group>";
		};
		CE15B4152834FDB60003CC47 /* LiveScore */ = {
			isa = PBXGroup;
			children = (
				CE15B4162834FDB60003CC47 /* AppDelegate.swift */,
				CE15B4182834FDB60003CC47 /* SceneDelegate.swift */,
				CED880C82836531F0065600E /* Manager */,
				CED880C028364A530065600E /* Models */,
				CE15B4512834FE9C0003CC47 /* Scenes */,
				CE15B41F2834FDB70003CC47 /* Assets.xcassets */,
				CE15B4212834FDB70003CC47 /* LaunchScreen.storyboard */,
				CE15B4242834FDB70003CC47 /* Info.plist */,
			);
			path = LiveScore;
			sourceTree = "<group>";
		};
		CE15B42C2834FDB70003CC47 /* LiveScoreTests */ = {
			isa = PBXGroup;
			children = (
				CE2D829C283CDE1200F7AD24 /* Tests */,
				CE2D8297283CDDC900F7AD24 /* MockDatas */,
			);
			path = LiveScoreTests;
			sourceTree = "<group>";
		};
		CE15B4362834FDB70003CC47 /* LiveScoreUITests */ = {
			isa = PBXGroup;
			children = (
				CE15B4372834FDB70003CC47 /* LiveScoreUITests.swift */,
				CE15B4392834FDB70003CC47 /* LiveScoreUITestsLaunchTests.swift */,
			);
			path = LiveScoreUITests;
			sourceTree = "<group>";
		};
		CE15B4512834FE9C0003CC47 /* Scenes */ = {
			isa = PBXGroup;
			children = (
				CE288D442838C432002A39A3 /* TabBarViewController.swift */,
				CE288D432838C333002A39A3 /* Scorers */,
				CE288D332838AFE3002A39A3 /* Live */,
				CE288D322838AFD9002A39A3 /* Header & Cell */,
			);
			path = Scenes;
			sourceTree = "<group>";
		};
		CE288D322838AFD9002A39A3 /* Header & Cell */ = {
			isa = PBXGroup;
			children = (
				CE2F921D28377CC2007531ED /* LiveListCollectionViewCell.swift */,
				CE1E79872838CFED0041B7A7 /* ScorersListCollectionViewCell.swift */,
				CE288D482838C80D002A39A3 /* ScorersListTableViewHeaderView.swift */,
			);
			path = "Header & Cell";
			sourceTree = "<group>";
		};
		CE288D332838AFE3002A39A3 /* Live */ = {
			isa = PBXGroup;
			children = (
				CE15B41A2834FDB60003CC47 /* LiveViewController.swift */,
				CE15B4462834FE6A0003CC47 /* LivePresenter.swift */,
			);
			path = Live;
			sourceTree = "<group>";
		};
		CE288D342838B23B002A39A3 /* LiveScore */ = {
			isa = PBXGroup;
			children = (
				CED880C328364A6C0065600E /* LiveResponseModel.swift */,
				CE288D3028389111002A39A3 /* LiveRequestModel.swift */,
			);
			path = LiveScore;
			sourceTree = "<group>";
		};
		CE288D392838B25D002A39A3 /* Score */ = {
			isa = PBXGroup;
			children = (
				CE288D352838B248002A39A3 /* ScoreResponseModel.swift */,
			);
			path = Score;
			sourceTree = "<group>";
		};
		CE288D432838C333002A39A3 /* Scorers */ = {
			isa = PBXGroup;
			children = (
				CE288D412838C2E9002A39A3 /* ScorersViewController.swift */,
				CE288D462838C487002A39A3 /* ScorersPresenter.swift */,
			);
			path = Scorers;
			sourceTree = "<group>";
		};
		CE2D8297283CDDC900F7AD24 /* MockDatas */ = {
			isa = PBXGroup;
			children = (
				CE2D829A283CDDFD00F7AD24 /* MockLiveViewController.swift */,
				CE2D8298283CDDD100F7AD24 /* MockLiveScoreSearchManager.swift */,
				CE2D829F283CE0C400F7AD24 /* MockScorersViewController.swift */,
				CE2D82A1283CE0E900F7AD24 /* MockScorersSearchManager.swift */,
			);
			path = MockDatas;
			sourceTree = "<group>";
		};
		CE2D829C283CDE1200F7AD24 /* Tests */ = {
			isa = PBXGroup;
			children = (
				CE2D8295283CD98E00F7AD24 /* LivePresenterTests.swift */,
				CE2D829D283CDE5600F7AD24 /* ScorersPresenterTests.swift */,
			);
			path = Tests;
			sourceTree = "<group>";
		};
		CED880C028364A530065600E /* Models */ = {
			isa = PBXGroup;
			children = (
				CE288D3F2838C2A8002A39A3 /* TabBarItem.swift */,
				CE288D342838B23B002A39A3 /* LiveScore */,
				CE288D392838B25D002A39A3 /* Score */,
			);
			path = Models;
			sourceTree = "<group>";
		};
		CED880C82836531F0065600E /* Manager */ = {
			isa = PBXGroup;
			children = (
				CED880C5283653180065600E /* LiveScoreSearchManager.swift */,
				CE288D3A2838B46F002A39A3 /* ScorersSearchManager.swift */,
			);
			path = Manager;
			sourceTree = "<group>";
		};
/* End PBXGroup section */

/* Begin PBXNativeTarget section */
		CE15B4122834FDB60003CC47 /* LiveScore */ = {
			isa = PBXNativeTarget;
			buildConfigurationList = CE15B43D2834FDB70003CC47 /* Build configuration list for PBXNativeTarget "LiveScore" */;
			buildPhases = (
				D2445B924CD992AB903B5C11 /* [CP] Check Pods Manifest.lock */,
				CE15B40F2834FDB60003CC47 /* Sources */,
				CE15B4102834FDB60003CC47 /* Frameworks */,
				CE15B4112834FDB60003CC47 /* Resources */,
				32255E463D898EF6FD641EF0 /* [CP] Embed Pods Frameworks */,
			);
			buildRules = (
			);
			dependencies = (
			);
			name = LiveScore;
			packageProductDependencies = (
				CE15B4492834FE7F0003CC47 /* SnapKit */,
				CE15B44C2834FE8A0003CC47 /* Alamofire */,
				CE2F9220283788CD007531ED /* SVGKit */,
				CE2F9222283788CD007531ED /* SVGKitSwift */,
				CE288D2C28387E84002A39A3 /* Kingfisher */,
			);
			productName = LiveScore;
			productReference = CE15B4132834FDB60003CC47 /* LiveScore.app */;
			productType = "com.apple.product-type.application";
		};
		CE15B4282834FDB70003CC47 /* LiveScoreTests */ = {
			isa = PBXNativeTarget;
			buildConfigurationList = CE15B4402834FDB70003CC47 /* Build configuration list for PBXNativeTarget "LiveScoreTests" */;
			buildPhases = (
				4C561109C24E75DFAB47544A /* [CP] Check Pods Manifest.lock */,
				CE15B4252834FDB70003CC47 /* Sources */,
				CE15B4262834FDB70003CC47 /* Frameworks */,
				CE15B4272834FDB70003CC47 /* Resources */,
			);
			buildRules = (
			);
			dependencies = (
				CE15B42B2834FDB70003CC47 /* PBXTargetDependency */,
			);
			name = LiveScoreTests;
			productName = LiveScoreTests;
			productReference = CE15B4292834FDB70003CC47 /* LiveScoreTests.xctest */;
			productType = "com.apple.product-type.bundle.unit-test";
		};
		CE15B4322834FDB70003CC47 /* LiveScoreUITests */ = {
			isa = PBXNativeTarget;
			buildConfigurationList = CE15B4432834FDB70003CC47 /* Build configuration list for PBXNativeTarget "LiveScoreUITests" */;
			buildPhases = (
				D206140BE61CA30025362B22 /* [CP] Check Pods Manifest.lock */,
				CE15B42F2834FDB70003CC47 /* Sources */,
				CE15B4302834FDB70003CC47 /* Frameworks */,
				CE15B4312834FDB70003CC47 /* Resources */,
				5FC6DF2A95DE335A2D236E2D /* [CP] Embed Pods Frameworks */,
			);
			buildRules = (
			);
			dependencies = (
				CE15B4352834FDB70003CC47 /* PBXTargetDependency */,
			);
			name = LiveScoreUITests;
			productName = LiveScoreUITests;
			productReference = CE15B4332834FDB70003CC47 /* LiveScoreUITests.xctest */;
			productType = "com.apple.product-type.bundle.ui-testing";
		};
/* End PBXNativeTarget section */

/* Begin PBXProject section */
		CE15B40B2834FDB60003CC47 /* Project object */ = {
			isa = PBXProject;
			attributes = {
				BuildIndependentTargetsInParallel = 1;
				LastSwiftUpdateCheck = 1330;
				LastUpgradeCheck = 1330;
				TargetAttributes = {
					CE15B4122834FDB60003CC47 = {
						CreatedOnToolsVersion = 13.3.1;
					};
					CE15B4282834FDB70003CC47 = {
						CreatedOnToolsVersion = 13.3.1;
						LastSwiftMigration = 1340;
						TestTargetID = CE15B4122834FDB60003CC47;
					};
					CE15B4322834FDB70003CC47 = {
						CreatedOnToolsVersion = 13.3.1;
						TestTargetID = CE15B4122834FDB60003CC47;
					};
				};
			};
			buildConfigurationList = CE15B40E2834FDB60003CC47 /* Build configuration list for PBXProject "LiveScore" */;
			compatibilityVersion = "Xcode 13.0";
			developmentRegion = en;
			hasScannedForEncodings = 0;
			knownRegions = (
				en,
				Base,
			);
			mainGroup = CE15B40A2834FDB60003CC47;
			packageReferences = (
				CE15B4482834FE7F0003CC47 /* XCRemoteSwiftPackageReference "SnapKit" */,
				CE15B44B2834FE8A0003CC47 /* XCRemoteSwiftPackageReference "Alamofire" */,
				CE2F921F283788CD007531ED /* XCRemoteSwiftPackageReference "SVGKit" */,
				CE288D2B28387E84002A39A3 /* XCRemoteSwiftPackageReference "Kingfisher" */,
			);
			productRefGroup = CE15B4142834FDB60003CC47 /* Products */;
			projectDirPath = "";
			projectRoot = "";
			targets = (
				CE15B4122834FDB60003CC47 /* LiveScore */,
				CE15B4282834FDB70003CC47 /* LiveScoreTests */,
				CE15B4322834FDB70003CC47 /* LiveScoreUITests */,
			);
		};
/* End PBXProject section */

/* Begin PBXResourcesBuildPhase section */
		CE15B4112834FDB60003CC47 /* Resources */ = {
			isa = PBXResourcesBuildPhase;
			buildActionMask = 2147483647;
			files = (
				CE15B4232834FDB70003CC47 /* LaunchScreen.storyboard in Resources */,
				CE15B4202834FDB70003CC47 /* Assets.xcassets in Resources */,
			);
			runOnlyForDeploymentPostprocessing = 0;
		};
		CE15B4272834FDB70003CC47 /* Resources */ = {
			isa = PBXResourcesBuildPhase;
			buildActionMask = 2147483647;
			files = (
			);
			runOnlyForDeploymentPostprocessing = 0;
		};
		CE15B4312834FDB70003CC47 /* Resources */ = {
			isa = PBXResourcesBuildPhase;
			buildActionMask = 2147483647;
			files = (
			);
			runOnlyForDeploymentPostprocessing = 0;
		};
/* End PBXResourcesBuildPhase section */

/* Begin PBXShellScriptBuildPhase section */
		32255E463D898EF6FD641EF0 /* [CP] Embed Pods Frameworks */ = {
			isa = PBXShellScriptBuildPhase;
			buildActionMask = 2147483647;
			files = (
			);
			inputFileListPaths = (
				"${PODS_ROOT}/Target Support Files/Pods-LiveScore/Pods-LiveScore-frameworks-${CONFIGURATION}-input-files.xcfilelist",
			);
			name = "[CP] Embed Pods Frameworks";
			outputFileListPaths = (
				"${PODS_ROOT}/Target Support Files/Pods-LiveScore/Pods-LiveScore-frameworks-${CONFIGURATION}-output-files.xcfilelist",
			);
			runOnlyForDeploymentPostprocessing = 0;
			shellPath = /bin/sh;
			shellScript = "\"${PODS_ROOT}/Target Support Files/Pods-LiveScore/Pods-LiveScore-frameworks.sh\"\n";
			showEnvVarsInLog = 0;
		};
		4C561109C24E75DFAB47544A /* [CP] Check Pods Manifest.lock */ = {
			isa = PBXShellScriptBuildPhase;
			buildActionMask = 2147483647;
			files = (
			);
			inputFileListPaths = (
			);
			inputPaths = (
				"${PODS_PODFILE_DIR_PATH}/Podfile.lock",
				"${PODS_ROOT}/Manifest.lock",
			);
			name = "[CP] Check Pods Manifest.lock";
			outputFileListPaths = (
			);
			outputPaths = (
				"$(DERIVED_FILE_DIR)/Pods-LiveScoreTests-checkManifestLockResult.txt",
			);
			runOnlyForDeploymentPostprocessing = 0;
			shellPath = /bin/sh;
			shellScript = "diff \"${PODS_PODFILE_DIR_PATH}/Podfile.lock\" \"${PODS_ROOT}/Manifest.lock\" > /dev/null\nif [ $? != 0 ] ; then\n    # print error to STDERR\n    echo \"error: The sandbox is not in sync with the Podfile.lock. Run 'pod install' or update your CocoaPods installation.\" >&2\n    exit 1\nfi\n# This output is used by Xcode 'outputs' to avoid re-running this script phase.\necho \"SUCCESS\" > \"${SCRIPT_OUTPUT_FILE_0}\"\n";
			showEnvVarsInLog = 0;
		};
		5FC6DF2A95DE335A2D236E2D /* [CP] Embed Pods Frameworks */ = {
			isa = PBXShellScriptBuildPhase;
			buildActionMask = 2147483647;
			files = (
			);
			inputFileListPaths = (
				"${PODS_ROOT}/Target Support Files/Pods-LiveScore-LiveScoreUITests/Pods-LiveScore-LiveScoreUITests-frameworks-${CONFIGURATION}-input-files.xcfilelist",
			);
			name = "[CP] Embed Pods Frameworks";
			outputFileListPaths = (
				"${PODS_ROOT}/Target Support Files/Pods-LiveScore-LiveScoreUITests/Pods-LiveScore-LiveScoreUITests-frameworks-${CONFIGURATION}-output-files.xcfilelist",
			);
			runOnlyForDeploymentPostprocessing = 0;
			shellPath = /bin/sh;
			shellScript = "\"${PODS_ROOT}/Target Support Files/Pods-LiveScore-LiveScoreUITests/Pods-LiveScore-LiveScoreUITests-frameworks.sh\"\n";
			showEnvVarsInLog = 0;
		};
		D206140BE61CA30025362B22 /* [CP] Check Pods Manifest.lock */ = {
			isa = PBXShellScriptBuildPhase;
			buildActionMask = 2147483647;
			files = (
			);
			inputFileListPaths = (
			);
			inputPaths = (
				"${PODS_PODFILE_DIR_PATH}/Podfile.lock",
				"${PODS_ROOT}/Manifest.lock",
			);
			name = "[CP] Check Pods Manifest.lock";
			outputFileListPaths = (
			);
			outputPaths = (
				"$(DERIVED_FILE_DIR)/Pods-LiveScore-LiveScoreUITests-checkManifestLockResult.txt",
			);
			runOnlyForDeploymentPostprocessing = 0;
			shellPath = /bin/sh;
			shellScript = "diff \"${PODS_PODFILE_DIR_PATH}/Podfile.lock\" \"${PODS_ROOT}/Manifest.lock\" > /dev/null\nif [ $? != 0 ] ; then\n    # print error to STDERR\n    echo \"error: The sandbox is not in sync with the Podfile.lock. Run 'pod install' or update your CocoaPods installation.\" >&2\n    exit 1\nfi\n# This output is used by Xcode 'outputs' to avoid re-running this script phase.\necho \"SUCCESS\" > \"${SCRIPT_OUTPUT_FILE_0}\"\n";
			showEnvVarsInLog = 0;
		};
		D2445B924CD992AB903B5C11 /* [CP] Check Pods Manifest.lock */ = {
			isa = PBXShellScriptBuildPhase;
			buildActionMask = 2147483647;
			files = (
			);
			inputFileListPaths = (
			);
			inputPaths = (
				"${PODS_PODFILE_DIR_PATH}/Podfile.lock",
				"${PODS_ROOT}/Manifest.lock",
			);
			name = "[CP] Check Pods Manifest.lock";
			outputFileListPaths = (
			);
			outputPaths = (
				"$(DERIVED_FILE_DIR)/Pods-LiveScore-checkManifestLockResult.txt",
			);
			runOnlyForDeploymentPostprocessing = 0;
			shellPath = /bin/sh;
			shellScript = "diff \"${PODS_PODFILE_DIR_PATH}/Podfile.lock\" \"${PODS_ROOT}/Manifest.lock\" > /dev/null\nif [ $? != 0 ] ; then\n    # print error to STDERR\n    echo \"error: The sandbox is not in sync with the Podfile.lock. Run 'pod install' or update your CocoaPods installation.\" >&2\n    exit 1\nfi\n# This output is used by Xcode 'outputs' to avoid re-running this script phase.\necho \"SUCCESS\" > \"${SCRIPT_OUTPUT_FILE_0}\"\n";
			showEnvVarsInLog = 0;
		};
/* End PBXShellScriptBuildPhase section */

/* Begin PBXSourcesBuildPhase section */
		CE15B40F2834FDB60003CC47 /* Sources */ = {
			isa = PBXSourcesBuildPhase;
			buildActionMask = 2147483647;
			files = (
				CED880C6283653180065600E /* LiveScoreSearchManager.swift in Sources */,
				CE2F921E28377CC2007531ED /* LiveListCollectionViewCell.swift in Sources */,
				CE1E79882838CFED0041B7A7 /* ScorersListCollectionViewCell.swift in Sources */,
				CE288D362838B248002A39A3 /* ScoreResponseModel.swift in Sources */,
				CE15B41B2834FDB60003CC47 /* LiveViewController.swift in Sources */,
				CE288D472838C487002A39A3 /* ScorersPresenter.swift in Sources */,
				CE288D492838C80D002A39A3 /* ScorersListTableViewHeaderView.swift in Sources */,
				CE288D402838C2A8002A39A3 /* TabBarItem.swift in Sources */,
				CE15B4172834FDB60003CC47 /* AppDelegate.swift in Sources */,
				CE288D422838C2E9002A39A3 /* ScorersViewController.swift in Sources */,
				CE15B4192834FDB60003CC47 /* SceneDelegate.swift in Sources */,
				CED880C428364A6C0065600E /* LiveResponseModel.swift in Sources */,
				CE15B4472834FE6A0003CC47 /* LivePresenter.swift in Sources */,
				CE288D452838C432002A39A3 /* TabBarViewController.swift in Sources */,
				CE288D3128389111002A39A3 /* LiveRequestModel.swift in Sources */,
				CE288D3B2838B46F002A39A3 /* ScorersSearchManager.swift in Sources */,
			);
			runOnlyForDeploymentPostprocessing = 0;
		};
		CE15B4252834FDB70003CC47 /* Sources */ = {
			isa = PBXSourcesBuildPhase;
			buildActionMask = 2147483647;
			files = (
				CE2D829B283CDDFD00F7AD24 /* MockLiveViewController.swift in Sources */,
				CE2D8299283CDDD100F7AD24 /* MockLiveScoreSearchManager.swift in Sources */,
				CE2D82A0283CE0C400F7AD24 /* MockScorersViewController.swift in Sources */,
				CE2D829E283CDE5600F7AD24 /* ScorersPresenterTests.swift in Sources */,
				CE2D8296283CD98E00F7AD24 /* LivePresenterTests.swift in Sources */,
				CE2D82A2283CE0E900F7AD24 /* MockScorersSearchManager.swift in Sources */,
			);
			runOnlyForDeploymentPostprocessing = 0;
		};
		CE15B42F2834FDB70003CC47 /* Sources */ = {
			isa = PBXSourcesBuildPhase;
			buildActionMask = 2147483647;
			files = (
				CE15B4382834FDB70003CC47 /* LiveScoreUITests.swift in Sources */,
				CE15B43A2834FDB70003CC47 /* LiveScoreUITestsLaunchTests.swift in Sources */,
			);
			runOnlyForDeploymentPostprocessing = 0;
		};
/* End PBXSourcesBuildPhase section */

/* Begin PBXTargetDependency section */
		CE15B42B2834FDB70003CC47 /* PBXTargetDependency */ = {
			isa = PBXTargetDependency;
			target = CE15B4122834FDB60003CC47 /* LiveScore */;
			targetProxy = CE15B42A2834FDB70003CC47 /* PBXContainerItemProxy */;
		};
		CE15B4352834FDB70003CC47 /* PBXTargetDependency */ = {
			isa = PBXTargetDependency;
			target = CE15B4122834FDB60003CC47 /* LiveScore */;
			targetProxy = CE15B4342834FDB70003CC47 /* PBXContainerItemProxy */;
		};
/* End PBXTargetDependency section */

/* Begin PBXVariantGroup section */
		CE15B4212834FDB70003CC47 /* LaunchScreen.storyboard */ = {
			isa = PBXVariantGroup;
			children = (
				CE15B4222834FDB70003CC47 /* Base */,
			);
			name = LaunchScreen.storyboard;
			sourceTree = "<group>";
		};
/* End PBXVariantGroup section */

/* Begin XCBuildConfiguration section */
		CE15B43B2834FDB70003CC47 /* Debug */ = {
			isa = XCBuildConfiguration;
			buildSettings = {
				ALWAYS_SEARCH_USER_PATHS = NO;
				CLANG_ANALYZER_NONNULL = YES;
				CLANG_ANALYZER_NUMBER_OBJECT_CONVERSION = YES_AGGRESSIVE;
				CLANG_CXX_LANGUAGE_STANDARD = "gnu++17";
				CLANG_ENABLE_MODULES = YES;
				CLANG_ENABLE_OBJC_ARC = YES;
				CLANG_ENABLE_OBJC_WEAK = YES;
				CLANG_WARN_BLOCK_CAPTURE_AUTORELEASING = YES;
				CLANG_WARN_BOOL_CONVERSION = YES;
				CLANG_WARN_COMMA = YES;
				CLANG_WARN_CONSTANT_CONVERSION = YES;
				CLANG_WARN_DEPRECATED_OBJC_IMPLEMENTATIONS = YES;
				CLANG_WARN_DIRECT_OBJC_ISA_USAGE = YES_ERROR;
				CLANG_WARN_DOCUMENTATION_COMMENTS = YES;
				CLANG_WARN_EMPTY_BODY = YES;
				CLANG_WARN_ENUM_CONVERSION = YES;
				CLANG_WARN_INFINITE_RECURSION = YES;
				CLANG_WARN_INT_CONVERSION = YES;
				CLANG_WARN_NON_LITERAL_NULL_CONVERSION = YES;
				CLANG_WARN_OBJC_IMPLICIT_RETAIN_SELF = YES;
				CLANG_WARN_OBJC_LITERAL_CONVERSION = YES;
				CLANG_WARN_OBJC_ROOT_CLASS = YES_ERROR;
				CLANG_WARN_QUOTED_INCLUDE_IN_FRAMEWORK_HEADER = YES;
				CLANG_WARN_RANGE_LOOP_ANALYSIS = YES;
				CLANG_WARN_STRICT_PROTOTYPES = YES;
				CLANG_WARN_SUSPICIOUS_MOVE = YES;
				CLANG_WARN_UNGUARDED_AVAILABILITY = YES_AGGRESSIVE;
				CLANG_WARN_UNREACHABLE_CODE = YES;
				CLANG_WARN__DUPLICATE_METHOD_MATCH = YES;
				COPY_PHASE_STRIP = NO;
				DEBUG_INFORMATION_FORMAT = dwarf;
				ENABLE_STRICT_OBJC_MSGSEND = YES;
				ENABLE_TESTABILITY = YES;
				GCC_C_LANGUAGE_STANDARD = gnu11;
				GCC_DYNAMIC_NO_PIC = NO;
				GCC_NO_COMMON_BLOCKS = YES;
				GCC_OPTIMIZATION_LEVEL = 0;
				GCC_PREPROCESSOR_DEFINITIONS = (
					"DEBUG=1",
					"$(inherited)",
				);
				GCC_WARN_64_TO_32_BIT_CONVERSION = YES;
				GCC_WARN_ABOUT_RETURN_TYPE = YES_ERROR;
				GCC_WARN_UNDECLARED_SELECTOR = YES;
				GCC_WARN_UNINITIALIZED_AUTOS = YES_AGGRESSIVE;
				GCC_WARN_UNUSED_FUNCTION = YES;
				GCC_WARN_UNUSED_VARIABLE = YES;
				IPHONEOS_DEPLOYMENT_TARGET = 15.4;
				MTL_ENABLE_DEBUG_INFO = INCLUDE_SOURCE;
				MTL_FAST_MATH = YES;
				ONLY_ACTIVE_ARCH = YES;
				SDKROOT = iphoneos;
				SWIFT_ACTIVE_COMPILATION_CONDITIONS = DEBUG;
				SWIFT_OPTIMIZATION_LEVEL = "-Onone";
			};
			name = Debug;
		};
		CE15B43C2834FDB70003CC47 /* Release */ = {
			isa = XCBuildConfiguration;
			buildSettings = {
				ALWAYS_SEARCH_USER_PATHS = NO;
				CLANG_ANALYZER_NONNULL = YES;
				CLANG_ANALYZER_NUMBER_OBJECT_CONVERSION = YES_AGGRESSIVE;
				CLANG_CXX_LANGUAGE_STANDARD = "gnu++17";
				CLANG_ENABLE_MODULES = YES;
				CLANG_ENABLE_OBJC_ARC = YES;
				CLANG_ENABLE_OBJC_WEAK = YES;
				CLANG_WARN_BLOCK_CAPTURE_AUTORELEASING = YES;
				CLANG_WARN_BOOL_CONVERSION = YES;
				CLANG_WARN_COMMA = YES;
				CLANG_WARN_CONSTANT_CONVERSION = YES;
				CLANG_WARN_DEPRECATED_OBJC_IMPLEMENTATIONS = YES;
				CLANG_WARN_DIRECT_OBJC_ISA_USAGE = YES_ERROR;
				CLANG_WARN_DOCUMENTATION_COMMENTS = YES;
				CLANG_WARN_EMPTY_BODY = YES;
				CLANG_WARN_ENUM_CONVERSION = YES;
				CLANG_WARN_INFINITE_RECURSION = YES;
				CLANG_WARN_INT_CONVERSION = YES;
				CLANG_WARN_NON_LITERAL_NULL_CONVERSION = YES;
				CLANG_WARN_OBJC_IMPLICIT_RETAIN_SELF = YES;
				CLANG_WARN_OBJC_LITERAL_CONVERSION = YES;
				CLANG_WARN_OBJC_ROOT_CLASS = YES_ERROR;
				CLANG_WARN_QUOTED_INCLUDE_IN_FRAMEWORK_HEADER = YES;
				CLANG_WARN_RANGE_LOOP_ANALYSIS = YES;
				CLANG_WARN_STRICT_PROTOTYPES = YES;
				CLANG_WARN_SUSPICIOUS_MOVE = YES;
				CLANG_WARN_UNGUARDED_AVAILABILITY = YES_AGGRESSIVE;
				CLANG_WARN_UNREACHABLE_CODE = YES;
				CLANG_WARN__DUPLICATE_METHOD_MATCH = YES;
				COPY_PHASE_STRIP = NO;
				DEBUG_INFORMATION_FORMAT = "dwarf-with-dsym";
				ENABLE_NS_ASSERTIONS = NO;
				ENABLE_STRICT_OBJC_MSGSEND = YES;
				GCC_C_LANGUAGE_STANDARD = gnu11;
				GCC_NO_COMMON_BLOCKS = YES;
				GCC_WARN_64_TO_32_BIT_CONVERSION = YES;
				GCC_WARN_ABOUT_RETURN_TYPE = YES_ERROR;
				GCC_WARN_UNDECLARED_SELECTOR = YES;
				GCC_WARN_UNINITIALIZED_AUTOS = YES_AGGRESSIVE;
				GCC_WARN_UNUSED_FUNCTION = YES;
				GCC_WARN_UNUSED_VARIABLE = YES;
				IPHONEOS_DEPLOYMENT_TARGET = 15.4;
				MTL_ENABLE_DEBUG_INFO = NO;
				MTL_FAST_MATH = YES;
				SDKROOT = iphoneos;
				SWIFT_COMPILATION_MODE = wholemodule;
				SWIFT_OPTIMIZATION_LEVEL = "-O";
				VALIDATE_PRODUCT = YES;
			};
			name = Release;
		};
		CE15B43E2834FDB70003CC47 /* Debug */ = {
			isa = XCBuildConfiguration;
			baseConfigurationReference = AF2B865C3AFFF6CB0D4B6A37 /* Pods-LiveScore.debug.xcconfig */;
			buildSettings = {
				ASSETCATALOG_COMPILER_APPICON_NAME = AppIcon;
				ASSETCATALOG_COMPILER_GLOBAL_ACCENT_COLOR_NAME = AccentColor;
				CODE_SIGN_STYLE = Automatic;
				CURRENT_PROJECT_VERSION = 1;
				DEVELOPMENT_TEAM = B4SNVYSL93;
				GENERATE_INFOPLIST_FILE = YES;
				INFOPLIST_FILE = LiveScore/Info.plist;
				INFOPLIST_KEY_UIApplicationSupportsIndirectInputEvents = YES;
				INFOPLIST_KEY_UILaunchStoryboardName = LaunchScreen;
				INFOPLIST_KEY_UISupportedInterfaceOrientations_iPad = "UIInterfaceOrientationPortrait UIInterfaceOrientationPortraitUpsideDown UIInterfaceOrientationLandscapeLeft UIInterfaceOrientationLandscapeRight";
				INFOPLIST_KEY_UISupportedInterfaceOrientations_iPhone = "UIInterfaceOrientationPortrait UIInterfaceOrientationLandscapeLeft UIInterfaceOrientationLandscapeRight";
				LD_RUNPATH_SEARCH_PATHS = (
					"$(inherited)",
					"@executable_path/Frameworks",
				);
				MARKETING_VERSION = 1.0;
				PRODUCT_BUNDLE_IDENTIFIER = "Dong-Hyeok-Kim.LiveScore";
				PRODUCT_NAME = "$(TARGET_NAME)";
				SWIFT_EMIT_LOC_STRINGS = YES;
				SWIFT_VERSION = 5.0;
				TARGETED_DEVICE_FAMILY = "1,2";
			};
			name = Debug;
		};
		CE15B43F2834FDB70003CC47 /* Release */ = {
			isa = XCBuildConfiguration;
			baseConfigurationReference = 5619D82A4502C81EB397CEDD /* Pods-LiveScore.release.xcconfig */;
			buildSettings = {
				ASSETCATALOG_COMPILER_APPICON_NAME = AppIcon;
				ASSETCATALOG_COMPILER_GLOBAL_ACCENT_COLOR_NAME = AccentColor;
				CODE_SIGN_STYLE = Automatic;
				CURRENT_PROJECT_VERSION = 1;
				DEVELOPMENT_TEAM = B4SNVYSL93;
				GENERATE_INFOPLIST_FILE = YES;
				INFOPLIST_FILE = LiveScore/Info.plist;
				INFOPLIST_KEY_UIApplicationSupportsIndirectInputEvents = YES;
				INFOPLIST_KEY_UILaunchStoryboardName = LaunchScreen;
				INFOPLIST_KEY_UISupportedInterfaceOrientations_iPad = "UIInterfaceOrientationPortrait UIInterfaceOrientationPortraitUpsideDown UIInterfaceOrientationLandscapeLeft UIInterfaceOrientationLandscapeRight";
				INFOPLIST_KEY_UISupportedInterfaceOrientations_iPhone = "UIInterfaceOrientationPortrait UIInterfaceOrientationLandscapeLeft UIInterfaceOrientationLandscapeRight";
				LD_RUNPATH_SEARCH_PATHS = (
					"$(inherited)",
					"@executable_path/Frameworks",
				);
				MARKETING_VERSION = 1.0;
				PRODUCT_BUNDLE_IDENTIFIER = "Dong-Hyeok-Kim.LiveScore";
				PRODUCT_NAME = "$(TARGET_NAME)";
				SWIFT_EMIT_LOC_STRINGS = YES;
				SWIFT_VERSION = 5.0;
				TARGETED_DEVICE_FAMILY = "1,2";
			};
			name = Release;
		};
		CE15B4412834FDB70003CC47 /* Debug */ = {
			isa = XCBuildConfiguration;
			baseConfigurationReference = CF90AC35FBE0A8864404875F /* Pods-LiveScoreTests.debug.xcconfig */;
			buildSettings = {
				ALWAYS_EMBED_SWIFT_STANDARD_LIBRARIES = YES;
				BUNDLE_LOADER = "$(TEST_HOST)";
				CLANG_ENABLE_MODULES = YES;
				CODE_SIGN_STYLE = Automatic;
				CURRENT_PROJECT_VERSION = 1;
				DEVELOPMENT_TEAM = B4SNVYSL93;
				GENERATE_INFOPLIST_FILE = YES;
				IPHONEOS_DEPLOYMENT_TARGET = 15.4;
				LD_RUNPATH_SEARCH_PATHS = (
					"$(inherited)",
					"@executable_path/Frameworks",
					"@loader_path/Frameworks",
				);
				MARKETING_VERSION = 1.0;
				PRODUCT_BUNDLE_IDENTIFIER = "Dong-Hyeok-Kim.LiveScoreTests";
				PRODUCT_NAME = "$(TARGET_NAME)";
				SWIFT_EMIT_LOC_STRINGS = NO;
				SWIFT_OPTIMIZATION_LEVEL = "-Onone";
				SWIFT_VERSION = 5.0;
				TARGETED_DEVICE_FAMILY = "1,2";
				TEST_HOST = "$(BUILT_PRODUCTS_DIR)/LiveScore.app/LiveScore";
			};
			name = Debug;
		};
		CE15B4422834FDB70003CC47 /* Release */ = {
			isa = XCBuildConfiguration;
			baseConfigurationReference = 54E4454D20941A323B2FC643 /* Pods-LiveScoreTests.release.xcconfig */;
			buildSettings = {
				ALWAYS_EMBED_SWIFT_STANDARD_LIBRARIES = YES;
				BUNDLE_LOADER = "$(TEST_HOST)";
				CLANG_ENABLE_MODULES = YES;
				CODE_SIGN_STYLE = Automatic;
				CURRENT_PROJECT_VERSION = 1;
				DEVELOPMENT_TEAM = B4SNVYSL93;
				GENERATE_INFOPLIST_FILE = YES;
				IPHONEOS_DEPLOYMENT_TARGET = 15.4;
				LD_RUNPATH_SEARCH_PATHS = (
					"$(inherited)",
					"@executable_path/Frameworks",
					"@loader_path/Frameworks",
				);
				MARKETING_VERSION = 1.0;
				PRODUCT_BUNDLE_IDENTIFIER = "Dong-Hyeok-Kim.LiveScoreTests";
				PRODUCT_NAME = "$(TARGET_NAME)";
				SWIFT_EMIT_LOC_STRINGS = NO;
				SWIFT_VERSION = 5.0;
				TARGETED_DEVICE_FAMILY = "1,2";
				TEST_HOST = "$(BUILT_PRODUCTS_DIR)/LiveScore.app/LiveScore";
			};
			name = Release;
		};
		CE15B4442834FDB70003CC47 /* Debug */ = {
			isa = XCBuildConfiguration;
			baseConfigurationReference = FED03E35226A9A58B1FB0D64 /* Pods-LiveScore-LiveScoreUITests.debug.xcconfig */;
			buildSettings = {
				ALWAYS_EMBED_SWIFT_STANDARD_LIBRARIES = YES;
				CODE_SIGN_STYLE = Automatic;
				CURRENT_PROJECT_VERSION = 1;
				DEVELOPMENT_TEAM = B4SNVYSL93;
				GENERATE_INFOPLIST_FILE = YES;
				MARKETING_VERSION = 1.0;
				PRODUCT_BUNDLE_IDENTIFIER = "Dong-Hyeok-Kim.LiveScoreUITests";
				PRODUCT_NAME = "$(TARGET_NAME)";
				SWIFT_EMIT_LOC_STRINGS = NO;
				SWIFT_VERSION = 5.0;
				TARGETED_DEVICE_FAMILY = "1,2";
				TEST_TARGET_NAME = LiveScore;
			};
			name = Debug;
		};
		CE15B4452834FDB70003CC47 /* Release */ = {
			isa = XCBuildConfiguration;
			baseConfigurationReference = F4E0376D0936090821C6688B /* Pods-LiveScore-LiveScoreUITests.release.xcconfig */;
			buildSettings = {
				ALWAYS_EMBED_SWIFT_STANDARD_LIBRARIES = YES;
				CODE_SIGN_STYLE = Automatic;
				CURRENT_PROJECT_VERSION = 1;
				DEVELOPMENT_TEAM = B4SNVYSL93;
				GENERATE_INFOPLIST_FILE = YES;
				MARKETING_VERSION = 1.0;
				PRODUCT_BUNDLE_IDENTIFIER = "Dong-Hyeok-Kim.LiveScoreUITests";
				PRODUCT_NAME = "$(TARGET_NAME)";
				SWIFT_EMIT_LOC_STRINGS = NO;
				SWIFT_VERSION = 5.0;
				TARGETED_DEVICE_FAMILY = "1,2";
				TEST_TARGET_NAME = LiveScore;
			};
			name = Release;
		};
/* End XCBuildConfiguration section */

/* Begin XCConfigurationList section */
		CE15B40E2834FDB60003CC47 /* Build configuration list for PBXProject "LiveScore" */ = {
			isa = XCConfigurationList;
			buildConfigurations = (
				CE15B43B2834FDB70003CC47 /* Debug */,
				CE15B43C2834FDB70003CC47 /* Release */,
			);
			defaultConfigurationIsVisible = 0;
			defaultConfigurationName = Release;
		};
		CE15B43D2834FDB70003CC47 /* Build configuration list for PBXNativeTarget "LiveScore" */ = {
			isa = XCConfigurationList;
			buildConfigurations = (
				CE15B43E2834FDB70003CC47 /* Debug */,
				CE15B43F2834FDB70003CC47 /* Release */,
			);
			defaultConfigurationIsVisible = 0;
			defaultConfigurationName = Release;
		};
		CE15B4402834FDB70003CC47 /* Build configuration list for PBXNativeTarget "LiveScoreTests" */ = {
			isa = XCConfigurationList;
			buildConfigurations = (
				CE15B4412834FDB70003CC47 /* Debug */,
				CE15B4422834FDB70003CC47 /* Release */,
			);
			defaultConfigurationIsVisible = 0;
			defaultConfigurationName = Release;
		};
		CE15B4432834FDB70003CC47 /* Build configuration list for PBXNativeTarget "LiveScoreUITests" */ = {
			isa = XCConfigurationList;
			buildConfigurations = (
				CE15B4442834FDB70003CC47 /* Debug */,
				CE15B4452834FDB70003CC47 /* Release */,
			);
			defaultConfigurationIsVisible = 0;
			defaultConfigurationName = Release;
		};
/* End XCConfigurationList section */

/* Begin XCRemoteSwiftPackageReference section */
		CE15B4482834FE7F0003CC47 /* XCRemoteSwiftPackageReference "SnapKit" */ = {
			isa = XCRemoteSwiftPackageReference;
			repositoryURL = "https://github.com/SnapKit/SnapKit.git";
			requirement = {
				kind = upToNextMajorVersion;
				minimumVersion = 5.0.0;
			};
		};
		CE15B44B2834FE8A0003CC47 /* XCRemoteSwiftPackageReference "Alamofire" */ = {
			isa = XCRemoteSwiftPackageReference;
			repositoryURL = "https://github.com/Alamofire/Alamofire.git";
			requirement = {
				kind = upToNextMajorVersion;
				minimumVersion = 5.0.0;
			};
		};
		CE288D2B28387E84002A39A3 /* XCRemoteSwiftPackageReference "Kingfisher" */ = {
			isa = XCRemoteSwiftPackageReference;
			repositoryURL = "https://github.com/onevcat/Kingfisher.git";
			requirement = {
				kind = upToNextMajorVersion;
				minimumVersion = 7.0.0;
			};
		};
		CE2F921F283788CD007531ED /* XCRemoteSwiftPackageReference "SVGKit" */ = {
			isa = XCRemoteSwiftPackageReference;
			repositoryURL = "https://github.com/SVGKit/SVGKit.git";
			requirement = {
				kind = upToNextMajorVersion;
				minimumVersion = 3.0.0;
			};
		};
/* End XCRemoteSwiftPackageReference section */

/* Begin XCSwiftPackageProductDependency section */
		CE15B4492834FE7F0003CC47 /* SnapKit */ = {
			isa = XCSwiftPackageProductDependency;
			package = CE15B4482834FE7F0003CC47 /* XCRemoteSwiftPackageReference "SnapKit" */;
			productName = SnapKit;
		};
		CE15B44C2834FE8A0003CC47 /* Alamofire */ = {
			isa = XCSwiftPackageProductDependency;
			package = CE15B44B2834FE8A0003CC47 /* XCRemoteSwiftPackageReference "Alamofire" */;
			productName = Alamofire;
		};
		CE288D2C28387E84002A39A3 /* Kingfisher */ = {
			isa = XCSwiftPackageProductDependency;
			package = CE288D2B28387E84002A39A3 /* XCRemoteSwiftPackageReference "Kingfisher" */;
			productName = Kingfisher;
		};
		CE2F9220283788CD007531ED /* SVGKit */ = {
			isa = XCSwiftPackageProductDependency;
			package = CE2F921F283788CD007531ED /* XCRemoteSwiftPackageReference "SVGKit" */;
			productName = SVGKit;
		};
		CE2F9222283788CD007531ED /* SVGKitSwift */ = {
			isa = XCSwiftPackageProductDependency;
			package = CE2F921F283788CD007531ED /* XCRemoteSwiftPackageReference "SVGKit" */;
			productName = SVGKitSwift;
		};
/* End XCSwiftPackageProductDependency section */
	};
	rootObject = CE15B40B2834FDB60003CC47 /* Project object */;
}
